
Microsoft Visual Studio Solution File, Format Version 12.00
# Visual Studio 2013
VisualStudioVersion = 12.0.31101.0
MinimumVisualStudioVersion = 10.0.40219.1
Project("{FAE04EC0-301F-11D3-BF4B-00C04F79EFBC}") = "TestEmail", "TestEmail\TestEmail.csproj", "{930C84A8-1669-40B5-AA99-E4F79A969C0A}"
EndProject
Project("{E24C65DC-7377-472B-9ABA-BC803B73C61A}") = "WebApplications", "http://localhost:61747", "{4615CEB4-F44A-4827-81E5-E3CFA4C5B9F5}"
	ProjectSection(WebsiteProperties) = preProject
		UseIISExpress = "true"
		TargetFrameworkMoniker = ".NETFramework,Version%3Dv4.0"
		Debug.AspNetCompiler.VirtualPath = "/localhost_61747"
		Debug.AspNetCompiler.PhysicalPath = "..\..\code\AgDB\WebApplications\"
		Debug.AspNetCompiler.TargetPath = "PrecompiledWeb\localhost_61747\"
		Debug.AspNetCompiler.Updateable = "true"
		Debug.AspNetCompiler.ForceOverwrite = "true"
		Debug.AspNetCompiler.FixedNames = "false"
		Debug.AspNetCompiler.Debug = "True"
		Release.AspNetCompiler.VirtualPath = "/localhost_61747"
		Release.AspNetCompiler.PhysicalPath = "..\..\code\AgDB\WebApplications\"
		Release.AspNetCompiler.TargetPath = "PrecompiledWeb\localhost_61747\"
		Release.AspNetCompiler.Updateable = "true"
		Release.AspNetCompiler.ForceOverwrite = "true"
		Release.AspNetCompiler.FixedNames = "false"
		Release.AspNetCompiler.Debug = "False"
		SlnRelativePath = "..\..\code\AgDB\WebApplications\"
	EndProjectSection
EndProject
Project("{FAE04EC0-301F-11D3-BF4B-00C04F79EFBC}") = "MainApp", "..\..\code\AgDB\WebApplications\MainApp\MainApp.csproj", "{87160033-0630-435B-A43C-DA5C3423959C}"
EndProject
Global
	GlobalSection(SolutionConfigurationPlatforms) = preSolution
		Debug|Any CPU = Debug|Any CPU
		Release|Any CPU = Release|Any CPU
	EndGlobalSection
	GlobalSection(ProjectConfigurationPlatforms) = postSolution
		{930C84A8-1669-40B5-AA99-E4F79A969C0A}.Debug|Any CPU.ActiveCfg = Debug|Any CPU
		{930C84A8-1669-40B5-AA99-E4F79A969C0A}.Debug|Any CPU.Build.0 = Debug|Any CPU
		{930C84A8-1669-40B5-AA99-E4F79A969C0A}.Release|Any CPU.ActiveCfg = Release|Any CPU
		{930C84A8-1669-40B5-AA99-E4F79A969C0A}.Release|Any CPU.Build.0 = Release|Any CPU
		{4615CEB4-F44A-4827-81E5-E3CFA4C5B9F5}.Debug|Any CPU.ActiveCfg = Debug|Any CPU
		{4615CEB4-F44A-4827-81E5-E3CFA4C5B9F5}.Debug|Any CPU.Build.0 = Debug|Any CPU
		{4615CEB4-F44A-4827-81E5-E3CFA4C5B9F5}.Release|Any CPU.ActiveCfg = Debug|Any CPU
		{4615CEB4-F44A-4827-81E5-E3CFA4C5B9F5}.Release|Any CPU.Build.0 = Debug|Any CPU
		{87160033-0630-435B-A43C-DA5C3423959C}.Debug|Any CPU.ActiveCfg = Debug|Any CPU
		{87160033-0630-435B-A43C-DA5C3423959C}.Debug|Any CPU.Build.0 = Debug|Any CPU
		{87160033-0630-435B-A43C-DA5C3423959C}.Release|Any CPU.ActiveCfg = Release|Any CPU
		{87160033-0630-435B-A43C-DA5C3423959C}.Release|Any CPU.Build.0 = Release|Any CPU
	EndGlobalSection
	GlobalSection(SolutionProperties) = preSolution
		HideSolutionNode = FALSE
	EndGlobalSection
EndGlobal
